
Microsoft Visual Studio Solution File, Format Version 12.00
# Visual Studio Version 17
VisualStudioVersion = 17.8.34511.84
MinimumVisualStudioVersion = 10.0.40219.1
Project("{2150E333-8FDC-42A3-9474-1A3956D46DE8}") = "src", "src", "{702E5CFC-807F-4B3B-BF14-B292950B3A77}"
EndProject
Project("{2150E333-8FDC-42A3-9474-1A3956D46DE8}") = "tests", "tests", "{257CFEA5-196C-4203-A888-C2E9C4CCCF29}"
EndProject
Project("{FAE04EC0-301F-11D3-BF4B-00C04F79EFBC}") = "RocketSeatAuction.API", "src\RocketSeatAuction.API\RocketSeatAuction.API.csproj", "{AB92140E-0E04-4002-A84E-4ACC138DB8C7}"
EndProject
Global
	GlobalSection(SolutionConfigurationPlatforms) = preSolution
		Debug|Any CPU = Debug|Any CPU
		Release|Any CPU = Release|Any CPU
	EndGlobalSection
	GlobalSection(ProjectConfigurationPlatforms) = postSolution
		{AB92140E-0E04-4002-A84E-4ACC138DB8C7}.Debug|Any CPU.ActiveCfg = Debug|Any CPU
		{AB92140E-0E04-4002-A84E-4ACC138DB8C7}.Debug|Any CPU.Build.0 = Debug|Any CPU
		{AB92140E-0E04-4002-A84E-4ACC138DB8C7}.Release|Any CPU.ActiveCfg = Release|Any CPU
		{AB92140E-0E04-4002-A84E-4ACC138DB8C7}.Release|Any CPU.Build.0 = Release|Any CPU
	EndGlobalSection
	GlobalSection(SolutionProperties) = preSolution
		HideSolutionNode = FALSE
	EndGlobalSection
	GlobalSection(NestedProjects) = preSolution
		{AB92140E-0E04-4002-A84E-4ACC138DB8C7} = {702E5CFC-807F-4B3B-BF14-B292950B3A77}
	EndGlobalSection
	GlobalSection(ExtensibilityGlobals) = postSolution
		SolutionGuid = {3D034AFD-7404-420B-9172-690AF6956DA9}
	EndGlobalSection
EndGlobal
